{
  "name": "educationbackend",
  "version": "1.0.0",
  "lockfileVersion": 3,
  "requires": true,
  "packages": {
    "": {
      "name": "educationbackend",
      "version": "1.0.0",
      "license": "ISC",
      "dependencies": {
        "educationbackend": "^1.0.0"
      }
    },
    "node_modules/educationbackend": {
      "version": "1.0.0",
      "resolved": "https://registry.npmjs.org/educationbackend/-/educationbackend-1.0.0.tgz",
      "integrity": "sha512-OPBE41BZUr+0aqSf734zA6Icsr/cjz2ImUrcVTHRKC7Lz/JwV+Nzc9a7qqBODMe8Culcq891O+NMyNnXTGtc3g=="
    }
  }
}
